
Microsoft Visual Studio Solution File, Format Version 12.00
# Visual Studio 14
VisualStudioVersion = 14.0.25420.1
MinimumVisualStudioVersion = 10.0.40219.1
Project("{FAE04EC0-301F-11D3-BF4B-00C04F79EFBC}") = "OGL", "OGL\OGL.csproj", "{794913C7-129E-473C-9305-49D3D8C0B841}"
EndProject
Project("{FAE04EC0-301F-11D3-BF4B-00C04F79EFBC}") = "OGL.Tests", "OGL.Tests\OGL.Tests.csproj", "{AB959DF7-B65B-42AE-963C-8C749468C9E7}"
EndProject
Project("{FAE04EC0-301F-11D3-BF4B-00C04F79EFBC}") = "Repozytorium.DAL", "Repozytorium\Repozytorium.DAL.csproj", "{B67F249F-83D1-4659-9AD5-CEF991DF2908}"
EndProject
Project("{FAE04EC0-301F-11D3-BF4B-00C04F79EFBC}") = "Repozytorium.Client", "Repozytorium.Client\Repozytorium.Client.csproj", "{D0C05057-118C-427F-98ED-037E23ACE66C}"
EndProject
Project("{FAE04EC0-301F-11D3-BF4B-00C04F79EFBC}") = "Repozytorium.Model", "Repozytorium.Model\Repozytorium.Model.csproj", "{1ABA4114-76F9-4C94-87D4-980977A72E13}"
EndProject
Project("{FAE04EC0-301F-11D3-BF4B-00C04F79EFBC}") = "Repozytorium.Logic", "Repozytorium.Logic\Repozytorium.Logic.csproj", "{D6108A9D-EF50-4F74-B4B0-1326D8F89B45}"
EndProject
Project("{FAE04EC0-301F-11D3-BF4B-00C04F79EFBC}") = "OGL.Services", "OGL.Services\OGL.Services.csproj", "{6AA4D45F-2EA6-4AF5-8D27-CDAD255C714E}"
EndProject
Project("{FAE04EC0-301F-11D3-BF4B-00C04F79EFBC}") = "OGL.IoC", "OGL.IoC\OGL.IoC.csproj", "{16CC8121-3D4F-42C1-8808-2A5A144CFF8D}"
EndProject
Global
	GlobalSection(SolutionConfigurationPlatforms) = preSolution
		Debug|Any CPU = Debug|Any CPU
		Release|Any CPU = Release|Any CPU
	EndGlobalSection
	GlobalSection(ProjectConfigurationPlatforms) = postSolution
		{794913C7-129E-473C-9305-49D3D8C0B841}.Debug|Any CPU.ActiveCfg = Debug|Any CPU
		{794913C7-129E-473C-9305-49D3D8C0B841}.Debug|Any CPU.Build.0 = Debug|Any CPU
		{794913C7-129E-473C-9305-49D3D8C0B841}.Release|Any CPU.ActiveCfg = Release|Any CPU
		{794913C7-129E-473C-9305-49D3D8C0B841}.Release|Any CPU.Build.0 = Release|Any CPU
		{AB959DF7-B65B-42AE-963C-8C749468C9E7}.Debug|Any CPU.ActiveCfg = Debug|Any CPU
		{AB959DF7-B65B-42AE-963C-8C749468C9E7}.Debug|Any CPU.Build.0 = Debug|Any CPU
		{AB959DF7-B65B-42AE-963C-8C749468C9E7}.Release|Any CPU.ActiveCfg = Release|Any CPU
		{AB959DF7-B65B-42AE-963C-8C749468C9E7}.Release|Any CPU.Build.0 = Release|Any CPU
		{B67F249F-83D1-4659-9AD5-CEF991DF2908}.Debug|Any CPU.ActiveCfg = Debug|Any CPU
		{B67F249F-83D1-4659-9AD5-CEF991DF2908}.Debug|Any CPU.Build.0 = Debug|Any CPU
		{B67F249F-83D1-4659-9AD5-CEF991DF2908}.Release|Any CPU.ActiveCfg = Release|Any CPU
		{B67F249F-83D1-4659-9AD5-CEF991DF2908}.Release|Any CPU.Build.0 = Release|Any CPU
		{D0C05057-118C-427F-98ED-037E23ACE66C}.Debug|Any CPU.ActiveCfg = Debug|Any CPU
		{D0C05057-118C-427F-98ED-037E23ACE66C}.Debug|Any CPU.Build.0 = Debug|Any CPU
		{D0C05057-118C-427F-98ED-037E23ACE66C}.Release|Any CPU.ActiveCfg = Release|Any CPU
		{D0C05057-118C-427F-98ED-037E23ACE66C}.Release|Any CPU.Build.0 = Release|Any CPU
		{1ABA4114-76F9-4C94-87D4-980977A72E13}.Debug|Any CPU.ActiveCfg = Debug|Any CPU
		{1ABA4114-76F9-4C94-87D4-980977A72E13}.Debug|Any CPU.Build.0 = Debug|Any CPU
		{1ABA4114-76F9-4C94-87D4-980977A72E13}.Release|Any CPU.ActiveCfg = Release|Any CPU
		{1ABA4114-76F9-4C94-87D4-980977A72E13}.Release|Any CPU.Build.0 = Release|Any CPU
		{D6108A9D-EF50-4F74-B4B0-1326D8F89B45}.Debug|Any CPU.ActiveCfg = Debug|Any CPU
		{D6108A9D-EF50-4F74-B4B0-1326D8F89B45}.Debug|Any CPU.Build.0 = Debug|Any CPU
		{D6108A9D-EF50-4F74-B4B0-1326D8F89B45}.Release|Any CPU.ActiveCfg = Release|Any CPU
		{D6108A9D-EF50-4F74-B4B0-1326D8F89B45}.Release|Any CPU.Build.0 = Release|Any CPU
		{6AA4D45F-2EA6-4AF5-8D27-CDAD255C714E}.Debug|Any CPU.ActiveCfg = Debug|Any CPU
		{6AA4D45F-2EA6-4AF5-8D27-CDAD255C714E}.Debug|Any CPU.Build.0 = Debug|Any CPU
		{6AA4D45F-2EA6-4AF5-8D27-CDAD255C714E}.Release|Any CPU.ActiveCfg = Release|Any CPU
		{6AA4D45F-2EA6-4AF5-8D27-CDAD255C714E}.Release|Any CPU.Build.0 = Release|Any CPU
		{16CC8121-3D4F-42C1-8808-2A5A144CFF8D}.Debug|Any CPU.ActiveCfg = Debug|Any CPU
		{16CC8121-3D4F-42C1-8808-2A5A144CFF8D}.Debug|Any CPU.Build.0 = Debug|Any CPU
		{16CC8121-3D4F-42C1-8808-2A5A144CFF8D}.Release|Any CPU.ActiveCfg = Release|Any CPU
		{16CC8121-3D4F-42C1-8808-2A5A144CFF8D}.Release|Any CPU.Build.0 = Release|Any CPU
	EndGlobalSection
	GlobalSection(SolutionProperties) = preSolution
		HideSolutionNode = FALSE
	EndGlobalSection
EndGlobal
